// !$*UTF8*$!
{
	archiveVersion = 1;
	classes = {
	};
	objectVersion = 55;
	objects = {

/* Begin PBXBuildFile section */
		93543F6E28138FDE002BC350 /* APICaller.swift in Sources */ = {isa = PBXBuildFile; fileRef = 93543F6D28138FDE002BC350 /* APICaller.swift */; };
		93DC13582815B0A7008CB457 /* TitleTableViewCell.swift in Sources */ = {isa = PBXBuildFile; fileRef = 93DC13572815B0A7008CB457 /* TitleTableViewCell.swift */; };
		93DC135A2815CB09008CB457 /* TitleViewModel.swift in Sources */ = {isa = PBXBuildFile; fileRef = 93DC13592815CB09008CB457 /* TitleViewModel.swift */; };
		93E2566F2811DE26004C6A0A /* AppDelegate.swift in Sources */ = {isa = PBXBuildFile; fileRef = 93E2566E2811DE26004C6A0A /* AppDelegate.swift */; };
		93E256712811DE26004C6A0A /* SceneDelegate.swift in Sources */ = {isa = PBXBuildFile; fileRef = 93E256702811DE26004C6A0A /* SceneDelegate.swift */; };
		93E256732811DE26004C6A0A /* MainTabBarViewController.swift in Sources */ = {isa = PBXBuildFile; fileRef = 93E256722811DE26004C6A0A /* MainTabBarViewController.swift */; };
		93E256782811DE27004C6A0A /* Assets.xcassets in Resources */ = {isa = PBXBuildFile; fileRef = 93E256772811DE27004C6A0A /* Assets.xcassets */; };
		93E2567B2811DE27004C6A0A /* LaunchScreen.storyboard in Resources */ = {isa = PBXBuildFile; fileRef = 93E256792811DE27004C6A0A /* LaunchScreen.storyboard */; };
		93E256842811E220004C6A0A /* HomeViewController.swift in Sources */ = {isa = PBXBuildFile; fileRef = 93E256832811E220004C6A0A /* HomeViewController.swift */; };
		93E256862811E285004C6A0A /* UpcomingViewController.swift in Sources */ = {isa = PBXBuildFile; fileRef = 93E256852811E285004C6A0A /* UpcomingViewController.swift */; };
		93E256882811E2B0004C6A0A /* SearchViewController.swift in Sources */ = {isa = PBXBuildFile; fileRef = 93E256872811E2B0004C6A0A /* SearchViewController.swift */; };
		93E2568A2811E2ED004C6A0A /* DownloadsViewController.swift in Sources */ = {isa = PBXBuildFile; fileRef = 93E256892811E2EC004C6A0A /* DownloadsViewController.swift */; };
		93E256912811F960004C6A0A /* CollectionViewTableViewCell.swift in Sources */ = {isa = PBXBuildFile; fileRef = 93E256902811F960004C6A0A /* CollectionViewTableViewCell.swift */; };
		93E2569328121489004C6A0A /* HeroHeaderUIView.swift in Sources */ = {isa = PBXBuildFile; fileRef = 93E2569228121489004C6A0A /* HeroHeaderUIView.swift */; };
		93E2A5BE2814924C0008697B /* Title.swift in Sources */ = {isa = PBXBuildFile; fileRef = 93E2A5BD2814924C0008697B /* Title.swift */; };
		93E2A5C02814977D0008697B /* Extensions.swift in Sources */ = {isa = PBXBuildFile; fileRef = 93E2A5BF2814977D0008697B /* Extensions.swift */; };
		93E2A5C42814A95B0008697B /* TitleCollectionViewCell.swift in Sources */ = {isa = PBXBuildFile; fileRef = 93E2A5C32814A95B0008697B /* TitleCollectionViewCell.swift */; };
		93E2A5C72814CEAD0008697B /* SDWebImage in Frameworks */ = {isa = PBXBuildFile; productRef = 93E2A5C62814CEAD0008697B /* SDWebImage */; };
		93E2A5C92814CEAD0008697B /* SDWebImageMapKit in Frameworks */ = {isa = PBXBuildFile; productRef = 93E2A5C82814CEAD0008697B /* SDWebImageMapKit */; };
/* End PBXBuildFile section */

/* Begin PBXFileReference section */
		93543F6D28138FDE002BC350 /* APICaller.swift */ = {isa = PBXFileReference; lastKnownFileType = sourcecode.swift; path = APICaller.swift; sourceTree = "<group>"; };
		93DC13572815B0A7008CB457 /* TitleTableViewCell.swift */ = {isa = PBXFileReference; lastKnownFileType = sourcecode.swift; path = TitleTableViewCell.swift; sourceTree = "<group>"; };
		93DC13592815CB09008CB457 /* TitleViewModel.swift */ = {isa = PBXFileReference; lastKnownFileType = sourcecode.swift; path = TitleViewModel.swift; sourceTree = "<group>"; };
		93E2566B2811DE26004C6A0A /* Netflix Clone.app */ = {isa = PBXFileReference; explicitFileType = wrapper.application; includeInIndex = 0; path = "Netflix Clone.app"; sourceTree = BUILT_PRODUCTS_DIR; };
		93E2566E2811DE26004C6A0A /* AppDelegate.swift */ = {isa = PBXFileReference; lastKnownFileType = sourcecode.swift; path = AppDelegate.swift; sourceTree = "<group>"; };
		93E256702811DE26004C6A0A /* SceneDelegate.swift */ = {isa = PBXFileReference; lastKnownFileType = sourcecode.swift; path = SceneDelegate.swift; sourceTree = "<group>"; };
		93E256722811DE26004C6A0A /* MainTabBarViewController.swift */ = {isa = PBXFileReference; lastKnownFileType = sourcecode.swift; path = MainTabBarViewController.swift; sourceTree = "<group>"; };
		93E256772811DE27004C6A0A /* Assets.xcassets */ = {isa = PBXFileReference; lastKnownFileType = folder.assetcatalog; path = Assets.xcassets; sourceTree = "<group>"; };
		93E2567A2811DE27004C6A0A /* Base */ = {isa = PBXFileReference; lastKnownFileType = file.storyboard; name = Base; path = Base.lproj/LaunchScreen.storyboard; sourceTree = "<group>"; };
		93E2567C2811DE27004C6A0A /* Info.plist */ = {isa = PBXFileReference; lastKnownFileType = text.plist.xml; path = Info.plist; sourceTree = "<group>"; };
		93E256832811E220004C6A0A /* HomeViewController.swift */ = {isa = PBXFileReference; lastKnownFileType = sourcecode.swift; path = HomeViewController.swift; sourceTree = "<group>"; };
		93E256852811E285004C6A0A /* UpcomingViewController.swift */ = {isa = PBXFileReference; lastKnownFileType = sourcecode.swift; path = UpcomingViewController.swift; sourceTree = "<group>"; };
		93E256872811E2B0004C6A0A /* SearchViewController.swift */ = {isa = PBXFileReference; lastKnownFileType = sourcecode.swift; path = SearchViewController.swift; sourceTree = "<group>"; };
		93E256892811E2EC004C6A0A /* DownloadsViewController.swift */ = {isa = PBXFileReference; lastKnownFileType = sourcecode.swift; path = DownloadsViewController.swift; sourceTree = "<group>"; };
		93E256902811F960004C6A0A /* CollectionViewTableViewCell.swift */ = {isa = PBXFileReference; lastKnownFileType = sourcecode.swift; path = CollectionViewTableViewCell.swift; sourceTree = "<group>"; };
		93E2569228121489004C6A0A /* HeroHeaderUIView.swift */ = {isa = PBXFileReference; lastKnownFileType = sourcecode.swift; path = HeroHeaderUIView.swift; sourceTree = "<group>"; };
		93E2A5BD2814924C0008697B /* Title.swift */ = {isa = PBXFileReference; lastKnownFileType = sourcecode.swift; path = Title.swift; sourceTree = "<group>"; };
		93E2A5BF2814977D0008697B /* Extensions.swift */ = {isa = PBXFileReference; lastKnownFileType = sourcecode.swift; path = Extensions.swift; sourceTree = "<group>"; };
		93E2A5C32814A95B0008697B /* TitleCollectionViewCell.swift */ = {isa = PBXFileReference; lastKnownFileType = sourcecode.swift; path = TitleCollectionViewCell.swift; sourceTree = "<group>"; };
/* End PBXFileReference section */

/* Begin PBXFrameworksBuildPhase section */
		93E256682811DE26004C6A0A /* Frameworks */ = {
			isa = PBXFrameworksBuildPhase;
			buildActionMask = 2147483647;
			files = (
				93E2A5C92814CEAD0008697B /* SDWebImageMapKit in Frameworks */,
				93E2A5C72814CEAD0008697B /* SDWebImage in Frameworks */,
			);
			runOnlyForDeploymentPostprocessing = 0;
		};
/* End PBXFrameworksBuildPhase section */

/* Begin PBXGroup section */
		93E256622811DE26004C6A0A = {
			isa = PBXGroup;
			children = (
				93E2566D2811DE26004C6A0A /* Netflix Clone */,
				93E2566C2811DE26004C6A0A /* Products */,
			);
			sourceTree = "<group>";
		};
		93E2566C2811DE26004C6A0A /* Products */ = {
			isa = PBXGroup;
			children = (
				93E2566B2811DE26004C6A0A /* Netflix Clone.app */,
			);
			name = Products;
			sourceTree = "<group>";
		};
		93E2566D2811DE26004C6A0A /* Netflix Clone */ = {
			isa = PBXGroup;
			children = (
				93E2568F2811F91D004C6A0A /* Managers */,
				93E2568E2811F916004C6A0A /* Resources */,
				93E2568D2811F8D3004C6A0A /* Models */,
				93E2568B2811F8BD004C6A0A /* Views */,
				93E2568C2811F8C4004C6A0A /* ViewModels */,
				93E256822811E1E2004C6A0A /* Controllers */,
				93E2566E2811DE26004C6A0A /* AppDelegate.swift */,
				93E256702811DE26004C6A0A /* SceneDelegate.swift */,
				93E256772811DE27004C6A0A /* Assets.xcassets */,
				93E256792811DE27004C6A0A /* LaunchScreen.storyboard */,
				93E2567C2811DE27004C6A0A /* Info.plist */,
			);
			path = "Netflix Clone";
			sourceTree = "<group>";
		};
		93E256822811E1E2004C6A0A /* Controllers */ = {
			isa = PBXGroup;
			children = (
				93E256722811DE26004C6A0A /* MainTabBarViewController.swift */,
				93E256832811E220004C6A0A /* HomeViewController.swift */,
				93E256852811E285004C6A0A /* UpcomingViewController.swift */,
				93E256872811E2B0004C6A0A /* SearchViewController.swift */,
				93E256892811E2EC004C6A0A /* DownloadsViewController.swift */,
			);
			path = Controllers;
			sourceTree = "<group>";
		};
		93E2568B2811F8BD004C6A0A /* Views */ = {
			isa = PBXGroup;
			children = (
				93E256902811F960004C6A0A /* CollectionViewTableViewCell.swift */,
				93E2569228121489004C6A0A /* HeroHeaderUIView.swift */,
				93E2A5C32814A95B0008697B /* TitleCollectionViewCell.swift */,
				93DC13572815B0A7008CB457 /* TitleTableViewCell.swift */,
			);
			path = Views;
			sourceTree = "<group>";
		};
		93E2568C2811F8C4004C6A0A /* ViewModels */ = {
			isa = PBXGroup;
			children = (
				93DC13592815CB09008CB457 /* TitleViewModel.swift */,
			);
			path = ViewModels;
			sourceTree = "<group>";
		};
		93E2568D2811F8D3004C6A0A /* Models */ = {
			isa = PBXGroup;
			children = (
				93E2A5BD2814924C0008697B /* Title.swift */,
			);
			path = Models;
			sourceTree = "<group>";
		};
		93E2568E2811F916004C6A0A /* Resources */ = {
			isa = PBXGroup;
			children = (
				93E2A5BF2814977D0008697B /* Extensions.swift */,
			);
			path = Resources;
			sourceTree = "<group>";
		};
		93E2568F2811F91D004C6A0A /* Managers */ = {
			isa = PBXGroup;
			children = (
				93543F6D28138FDE002BC350 /* APICaller.swift */,
			);
			path = Managers;
			sourceTree = "<group>";
		};
/* End PBXGroup section */

/* Begin PBXNativeTarget section */
		93E2566A2811DE26004C6A0A /* Netflix Clone */ = {
			isa = PBXNativeTarget;
			buildConfigurationList = 93E2567F2811DE27004C6A0A /* Build configuration list for PBXNativeTarget "Netflix Clone" */;
			buildPhases = (
				93E256672811DE26004C6A0A /* Sources */,
				93E256682811DE26004C6A0A /* Frameworks */,
				93E256692811DE26004C6A0A /* Resources */,
			);
			buildRules = (
			);
			dependencies = (
			);
			name = "Netflix Clone";
			packageProductDependencies = (
				93E2A5C62814CEAD0008697B /* SDWebImage */,
				93E2A5C82814CEAD0008697B /* SDWebImageMapKit */,
			);
			productName = "Nextflix Clone";
			productReference = 93E2566B2811DE26004C6A0A /* Netflix Clone.app */;
			productType = "com.apple.product-type.application";
		};
/* End PBXNativeTarget section */

/* Begin PBXProject section */
		93E256632811DE26004C6A0A /* Project object */ = {
			isa = PBXProject;
			attributes = {
				BuildIndependentTargetsInParallel = 1;
				LastSwiftUpdateCheck = 1330;
				LastUpgradeCheck = 1330;
				TargetAttributes = {
					93E2566A2811DE26004C6A0A = {
						CreatedOnToolsVersion = 13.3.1;
					};
				};
			};
			buildConfigurationList = 93E256662811DE26004C6A0A /* Build configuration list for PBXProject "Netflix Clone" */;
			compatibilityVersion = "Xcode 13.0";
			developmentRegion = en;
			hasScannedForEncodings = 0;
			knownRegions = (
				en,
				Base,
			);
			mainGroup = 93E256622811DE26004C6A0A;
			packageReferences = (
				93E2A5C52814CEAD0008697B /* XCRemoteSwiftPackageReference "SDWebImage" */,
			);
			productRefGroup = 93E2566C2811DE26004C6A0A /* Products */;
			projectDirPath = "";
			projectRoot = "";
			targets = (
				93E2566A2811DE26004C6A0A /* Netflix Clone */,
			);
		};
/* End PBXProject section */

/* Begin PBXResourcesBuildPhase section */
		93E256692811DE26004C6A0A /* Resources */ = {
			isa = PBXResourcesBuildPhase;
			buildActionMask = 2147483647;
			files = (
				93E2567B2811DE27004C6A0A /* LaunchScreen.storyboard in Resources */,
				93E256782811DE27004C6A0A /* Assets.xcassets in Resources */,
			);
			runOnlyForDeploymentPostprocessing = 0;
		};
/* End PBXResourcesBuildPhase section */

/* Begin PBXSourcesBuildPhase section */
		93E256672811DE26004C6A0A /* Sources */ = {
			isa = PBXSourcesBuildPhase;
			buildActionMask = 2147483647;
			files = (
				93DC13582815B0A7008CB457 /* TitleTableViewCell.swift in Sources */,
				93E256882811E2B0004C6A0A /* SearchViewController.swift in Sources */,
				93E2A5C42814A95B0008697B /* TitleCollectionViewCell.swift in Sources */,
				93E256732811DE26004C6A0A /* MainTabBarViewController.swift in Sources */,
				93E256912811F960004C6A0A /* CollectionViewTableViewCell.swift in Sources */,
				93E2569328121489004C6A0A /* HeroHeaderUIView.swift in Sources */,
				93E2568A2811E2ED004C6A0A /* DownloadsViewController.swift in Sources */,
				93E2566F2811DE26004C6A0A /* AppDelegate.swift in Sources */,
				93E256862811E285004C6A0A /* UpcomingViewController.swift in Sources */,
				93E2A5C02814977D0008697B /* Extensions.swift in Sources */,
				93E256712811DE26004C6A0A /* SceneDelegate.swift in Sources */,
				93E256842811E220004C6A0A /* HomeViewController.swift in Sources */,
				93E2A5BE2814924C0008697B /* Title.swift in Sources */,
				93543F6E28138FDE002BC350 /* APICaller.swift in Sources */,
				93DC135A2815CB09008CB457 /* TitleViewModel.swift in Sources */,
			);
			runOnlyForDeploymentPostprocessing = 0;
		};
/* End PBXSourcesBuildPhase section */

/* Begin PBXVariantGroup section */
		93E256792811DE27004C6A0A /* LaunchScreen.storyboard */ = {
			isa = PBXVariantGroup;
			children = (
				93E2567A2811DE27004C6A0A /* Base */,
			);
			name = LaunchScreen.storyboard;
			sourceTree = "<group>";
		};
/* End PBXVariantGroup section */

/* Begin XCBuildConfiguration section */
		93E2567D2811DE27004C6A0A /* Debug */ = {
			isa = XCBuildConfiguration;
			buildSettings = {
				ALWAYS_SEARCH_USER_PATHS = NO;
				CLANG_ANALYZER_NONNULL = YES;
				CLANG_ANALYZER_NUMBER_OBJECT_CONVERSION = YES_AGGRESSIVE;
				CLANG_CXX_LANGUAGE_STANDARD = "gnu++17";
				CLANG_ENABLE_MODULES = YES;
				CLANG_ENABLE_OBJC_ARC = YES;
				CLANG_ENABLE_OBJC_WEAK = YES;
				CLANG_WARN_BLOCK_CAPTURE_AUTORELEASING = YES;
				CLANG_WARN_BOOL_CONVERSION = YES;
				CLANG_WARN_COMMA = YES;
				CLANG_WARN_CONSTANT_CONVERSION = YES;
				CLANG_WARN_DEPRECATED_OBJC_IMPLEMENTATIONS = YES;
				CLANG_WARN_DIRECT_OBJC_ISA_USAGE = YES_ERROR;
				CLANG_WARN_DOCUMENTATION_COMMENTS = YES;
				CLANG_WARN_EMPTY_BODY = YES;
				CLANG_WARN_ENUM_CONVERSION = YES;
				CLANG_WARN_INFINITE_RECURSION = YES;
				CLANG_WARN_INT_CONVERSION = YES;
				CLANG_WARN_NON_LITERAL_NULL_CONVERSION = YES;
				CLANG_WARN_OBJC_IMPLICIT_RETAIN_SELF = YES;
				CLANG_WARN_OBJC_LITERAL_CONVERSION = YES;
				CLANG_WARN_OBJC_ROOT_CLASS = YES_ERROR;
				CLANG_WARN_QUOTED_INCLUDE_IN_FRAMEWORK_HEADER = YES;
				CLANG_WARN_RANGE_LOOP_ANALYSIS = YES;
				CLANG_WARN_STRICT_PROTOTYPES = YES;
				CLANG_WARN_SUSPICIOUS_MOVE = YES;
				CLANG_WARN_UNGUARDED_AVAILABILITY = YES_AGGRESSIVE;
				CLANG_WARN_UNREACHABLE_CODE = YES;
				CLANG_WARN__DUPLICATE_METHOD_MATCH = YES;
				COPY_PHASE_STRIP = NO;
				DEBUG_INFORMATION_FORMAT = dwarf;
				ENABLE_STRICT_OBJC_MSGSEND = YES;
				ENABLE_TESTABILITY = YES;
				GCC_C_LANGUAGE_STANDARD = gnu11;
				GCC_DYNAMIC_NO_PIC = NO;
				GCC_NO_COMMON_BLOCKS = YES;
				GCC_OPTIMIZATION_LEVEL = 0;
				GCC_PREPROCESSOR_DEFINITIONS = (
					"DEBUG=1",
					"$(inherited)",
				);
				GCC_WARN_64_TO_32_BIT_CONVERSION = YES;
				GCC_WARN_ABOUT_RETURN_TYPE = YES_ERROR;
				GCC_WARN_UNDECLARED_SELECTOR = YES;
				GCC_WARN_UNINITIALIZED_AUTOS = YES_AGGRESSIVE;
				GCC_WARN_UNUSED_FUNCTION = YES;
				GCC_WARN_UNUSED_VARIABLE = YES;
				IPHONEOS_DEPLOYMENT_TARGET = 15.4;
				MTL_ENABLE_DEBUG_INFO = INCLUDE_SOURCE;
				MTL_FAST_MATH = YES;
				ONLY_ACTIVE_ARCH = YES;
				SDKROOT = iphoneos;
				SWIFT_ACTIVE_COMPILATION_CONDITIONS = DEBUG;
				SWIFT_OPTIMIZATION_LEVEL = "-Onone";
			};
			name = Debug;
		};
		93E2567E2811DE27004C6A0A /* Release */ = {
			isa = XCBuildConfiguration;
			buildSettings = {
				ALWAYS_SEARCH_USER_PATHS = NO;
				CLANG_ANALYZER_NONNULL = YES;
				CLANG_ANALYZER_NUMBER_OBJECT_CONVERSION = YES_AGGRESSIVE;
				CLANG_CXX_LANGUAGE_STANDARD = "gnu++17";
				CLANG_ENABLE_MODULES = YES;
				CLANG_ENABLE_OBJC_ARC = YES;
				CLANG_ENABLE_OBJC_WEAK = YES;
				CLANG_WARN_BLOCK_CAPTURE_AUTORELEASING = YES;
				CLANG_WARN_BOOL_CONVERSION = YES;
				CLANG_WARN_COMMA = YES;
				CLANG_WARN_CONSTANT_CONVERSION = YES;
				CLANG_WARN_DEPRECATED_OBJC_IMPLEMENTATIONS = YES;
				CLANG_WARN_DIRECT_OBJC_ISA_USAGE = YES_ERROR;
				CLANG_WARN_DOCUMENTATION_COMMENTS = YES;
				CLANG_WARN_EMPTY_BODY = YES;
				CLANG_WARN_ENUM_CONVERSION = YES;
				CLANG_WARN_INFINITE_RECURSION = YES;
				CLANG_WARN_INT_CONVERSION = YES;
				CLANG_WARN_NON_LITERAL_NULL_CONVERSION = YES;
				CLANG_WARN_OBJC_IMPLICIT_RETAIN_SELF = YES;
				CLANG_WARN_OBJC_LITERAL_CONVERSION = YES;
				CLANG_WARN_OBJC_ROOT_CLASS = YES_ERROR;
				CLANG_WARN_QUOTED_INCLUDE_IN_FRAMEWORK_HEADER = YES;
				CLANG_WARN_RANGE_LOOP_ANALYSIS = YES;
				CLANG_WARN_STRICT_PROTOTYPES = YES;
				CLANG_WARN_SUSPICIOUS_MOVE = YES;
				CLANG_WARN_UNGUARDED_AVAILABILITY = YES_AGGRESSIVE;
				CLANG_WARN_UNREACHABLE_CODE = YES;
				CLANG_WARN__DUPLICATE_METHOD_MATCH = YES;
				COPY_PHASE_STRIP = NO;
				DEBUG_INFORMATION_FORMAT = "dwarf-with-dsym";
				ENABLE_NS_ASSERTIONS = NO;
				ENABLE_STRICT_OBJC_MSGSEND = YES;
				GCC_C_LANGUAGE_STANDARD = gnu11;
				GCC_NO_COMMON_BLOCKS = YES;
				GCC_WARN_64_TO_32_BIT_CONVERSION = YES;
				GCC_WARN_ABOUT_RETURN_TYPE = YES_ERROR;
				GCC_WARN_UNDECLARED_SELECTOR = YES;
				GCC_WARN_UNINITIALIZED_AUTOS = YES_AGGRESSIVE;
				GCC_WARN_UNUSED_FUNCTION = YES;
				GCC_WARN_UNUSED_VARIABLE = YES;
				IPHONEOS_DEPLOYMENT_TARGET = 15.4;
				MTL_ENABLE_DEBUG_INFO = NO;
				MTL_FAST_MATH = YES;
				SDKROOT = iphoneos;
				SWIFT_COMPILATION_MODE = wholemodule;
				SWIFT_OPTIMIZATION_LEVEL = "-O";
				VALIDATE_PRODUCT = YES;
			};
			name = Release;
		};
		93E256802811DE27004C6A0A /* Debug */ = {
			isa = XCBuildConfiguration;
			buildSettings = {
				ASSETCATALOG_COMPILER_APPICON_NAME = AppIcon;
				ASSETCATALOG_COMPILER_GLOBAL_ACCENT_COLOR_NAME = AccentColor;
				CODE_SIGN_STYLE = Automatic;
				CURRENT_PROJECT_VERSION = 1;
				DEVELOPMENT_TEAM = 2DF32SVS38;
				GENERATE_INFOPLIST_FILE = YES;
				INFOPLIST_FILE = "Netflix Clone/Info.plist";
				INFOPLIST_KEY_UIApplicationSupportsIndirectInputEvents = YES;
				INFOPLIST_KEY_UILaunchStoryboardName = LaunchScreen;
				INFOPLIST_KEY_UISupportedInterfaceOrientations_iPad = "UIInterfaceOrientationPortrait UIInterfaceOrientationPortraitUpsideDown UIInterfaceOrientationLandscapeLeft UIInterfaceOrientationLandscapeRight";
				INFOPLIST_KEY_UISupportedInterfaceOrientations_iPhone = "UIInterfaceOrientationPortrait UIInterfaceOrientationLandscapeLeft UIInterfaceOrientationLandscapeRight";
				LD_RUNPATH_SEARCH_PATHS = (
					"$(inherited)",
					"@executable_path/Frameworks",
				);
				MARKETING_VERSION = 1.0;
				PRODUCT_BUNDLE_IDENTIFIER = "cl.sr-Te.Netflix-Clone";
				PRODUCT_NAME = "$(TARGET_NAME)";
				SWIFT_EMIT_LOC_STRINGS = YES;
				SWIFT_VERSION = 5.0;
				TARGETED_DEVICE_FAMILY = "1,2";
			};
			name = Debug;
		};
		93E256812811DE27004C6A0A /* Release */ = {
			isa = XCBuildConfiguration;
			buildSettings = {
				ASSETCATALOG_COMPILER_APPICON_NAME = AppIcon;
				ASSETCATALOG_COMPILER_GLOBAL_ACCENT_COLOR_NAME = AccentColor;
				CODE_SIGN_STYLE = Automatic;
				CURRENT_PROJECT_VERSION = 1;
				DEVELOPMENT_TEAM = 2DF32SVS38;
				GENERATE_INFOPLIST_FILE = YES;
				INFOPLIST_FILE = "Netflix Clone/Info.plist";
				INFOPLIST_KEY_UIApplicationSupportsIndirectInputEvents = YES;
				INFOPLIST_KEY_UILaunchStoryboardName = LaunchScreen;
				INFOPLIST_KEY_UISupportedInterfaceOrientations_iPad = "UIInterfaceOrientationPortrait UIInterfaceOrientationPortraitUpsideDown UIInterfaceOrientationLandscapeLeft UIInterfaceOrientationLandscapeRight";
				INFOPLIST_KEY_UISupportedInterfaceOrientations_iPhone = "UIInterfaceOrientationPortrait UIInterfaceOrientationLandscapeLeft UIInterfaceOrientationLandscapeRight";
				LD_RUNPATH_SEARCH_PATHS = (
					"$(inherited)",
					"@executable_path/Frameworks",
				);
				MARKETING_VERSION = 1.0;
				PRODUCT_BUNDLE_IDENTIFIER = "cl.sr-Te.Netflix-Clone";
				PRODUCT_NAME = "$(TARGET_NAME)";
				SWIFT_EMIT_LOC_STRINGS = YES;
				SWIFT_VERSION = 5.0;
				TARGETED_DEVICE_FAMILY = "1,2";
			};
			name = Release;
		};
/* End XCBuildConfiguration section */

/* Begin XCConfigurationList section */
		93E256662811DE26004C6A0A /* Build configuration list for PBXProject "Netflix Clone" */ = {
			isa = XCConfigurationList;
			buildConfigurations = (
				93E2567D2811DE27004C6A0A /* Debug */,
				93E2567E2811DE27004C6A0A /* Release */,
			);
			defaultConfigurationIsVisible = 0;
			defaultConfigurationName = Release;
		};
		93E2567F2811DE27004C6A0A /* Build configuration list for PBXNativeTarget "Netflix Clone" */ = {
			isa = XCConfigurationList;
			buildConfigurations = (
				93E256802811DE27004C6A0A /* Debug */,
				93E256812811DE27004C6A0A /* Release */,
			);
			defaultConfigurationIsVisible = 0;
			defaultConfigurationName = Release;
		};
/* End XCConfigurationList section */

/* Begin XCRemoteSwiftPackageReference section */
		93E2A5C52814CEAD0008697B /* XCRemoteSwiftPackageReference "SDWebImage" */ = {
			isa = XCRemoteSwiftPackageReference;
			repositoryURL = "git@github.com:SDWebImage/SDWebImage.git";
			requirement = {
				kind = upToNextMajorVersion;
				minimumVersion = 5.0.0;
			};
		};
/* End XCRemoteSwiftPackageReference section */

/* Begin XCSwiftPackageProductDependency section */
		93E2A5C62814CEAD0008697B /* SDWebImage */ = {
			isa = XCSwiftPackageProductDependency;
			package = 93E2A5C52814CEAD0008697B /* XCRemoteSwiftPackageReference "SDWebImage" */;
			productName = SDWebImage;
		};
		93E2A5C82814CEAD0008697B /* SDWebImageMapKit */ = {
			isa = XCSwiftPackageProductDependency;
			package = 93E2A5C52814CEAD0008697B /* XCRemoteSwiftPackageReference "SDWebImage" */;
			productName = SDWebImageMapKit;
		};
/* End XCSwiftPackageProductDependency section */
	};
	rootObject = 93E256632811DE26004C6A0A /* Project object */;
}
